# This file was autogenerated by Stack.
# You should not edit this file by hand.
# For more information, please see the documentation at:
#   https://docs.haskellstack.org/en/stable/lock_files

packages:
- completed:
    subdir: lsp-types
    name: lsp-types
    version: 1.3.0.0
    git: https://github.com/codedownio/lsp.git
    pantry-tree:
      size: 4146
      sha256: 44770ed23c373428ccb7733157221b4d8986877c836263bd095466bc470443cf
    commit: a97a2ec822d77a24cfb6278c3f024598265844f9
  original:
    subdir: lsp-types
    git: https://github.com/codedownio/lsp.git
    commit: a97a2ec822d77a24cfb6278c3f024598265844f9
snapshots:
- completed:
    size: 621914
    url: https://raw.githubusercontent.com/commercialhaskell/stackage-snapshots/master/nightly/2022/1/15.yaml
    sha256: da9648bb5bf30143b3b45c0daeb2c06ee09fa2af08d362672acf318c6eac1724
  original: nightly-2022-01-15
